{
  "name": "asp.net",
  "version": "1.0.0",
  "lockfileVersion": 2,
  "requires": true,
  "packages": {
    "": {
      "name": "asp.net",
      "version": "1.0.0",
      "devDependencies": {
        "@syncfusion/ej2-js-es5": "^20.3.47"
      }
    },
    "node_modules/@syncfusion/ej2-js-es5": {
      "version": "20.3.47",
      "resolved": "https://registry.npmjs.org/@syncfusion/ej2-js-es5/-/ej2-js-es5-20.3.47.tgz",
      "integrity": "sha512-RWno1QG5STrsaNoCPhBRbNIm7cTS5V8xuZsuaxicTSCnMvuTReEfh5pL2wSR2S0PdzhHQg94UZma5DawIz4FKQ==",
      "dev": true
    }
  },
  "dependencies": {
    "@syncfusion/ej2-js-es5": {
      "version": "20.3.47",
      "resolved": "https://registry.npmjs.org/@syncfusion/ej2-js-es5/-/ej2-js-es5-20.3.47.tgz",
      "integrity": "sha512-RWno1QG5STrsaNoCPhBRbNIm7cTS5V8xuZsuaxicTSCnMvuTReEfh5pL2wSR2S0PdzhHQg94UZma5DawIz4FKQ==",
      "dev": true
    }
  }
}
